
Microsoft Visual Studio Solution File, Format Version 12.00
# Visual Studio 14
VisualStudioVersion = 14.0.25123.0
MinimumVisualStudioVersion = 10.0.40219.1
Project("{FAE04EC0-301F-11D3-BF4B-00C04F79EFBC}") = "SinExWebApp20273938", "SinExWebApp20273938\SinExWebApp20273938.csproj", "{A69FF593-2F2B-4133-AEC8-895D864BEAFD}"
EndProject
Project("{FAE04EC0-301F-11D3-BF4B-00C04F79EFBC}") = "SinExWebApp20273938.Tests", "SinExWebApp20273938.Tests\SinExWebApp20273938.Tests.csproj", "{B56F0467-26D4-4322-BDB3-829DEE1FED9F}"
EndProject
Global
	GlobalSection(SolutionConfigurationPlatforms) = preSolution
		Debug|Any CPU = Debug|Any CPU
		Release|Any CPU = Release|Any CPU
	EndGlobalSection
	GlobalSection(ProjectConfigurationPlatforms) = postSolution
		{A69FF593-2F2B-4133-AEC8-895D864BEAFD}.Debug|Any CPU.ActiveCfg = Debug|Any CPU
		{A69FF593-2F2B-4133-AEC8-895D864BEAFD}.Debug|Any CPU.Build.0 = Debug|Any CPU
		{A69FF593-2F2B-4133-AEC8-895D864BEAFD}.Release|Any CPU.ActiveCfg = Release|Any CPU
		{A69FF593-2F2B-4133-AEC8-895D864BEAFD}.Release|Any CPU.Build.0 = Release|Any CPU
		{B56F0467-26D4-4322-BDB3-829DEE1FED9F}.Debug|Any CPU.ActiveCfg = Debug|Any CPU
		{B56F0467-26D4-4322-BDB3-829DEE1FED9F}.Debug|Any CPU.Build.0 = Debug|Any CPU
		{B56F0467-26D4-4322-BDB3-829DEE1FED9F}.Release|Any CPU.ActiveCfg = Release|Any CPU
		{B56F0467-26D4-4322-BDB3-829DEE1FED9F}.Release|Any CPU.Build.0 = Release|Any CPU
	EndGlobalSection
	GlobalSection(SolutionProperties) = preSolution
		HideSolutionNode = FALSE
	EndGlobalSection
EndGlobal
